
Microsoft Visual Studio Solution File, Format Version 12.00
# Visual Studio 15
VisualStudioVersion = 15.0.28010.2050
MinimumVisualStudioVersion = 10.0.40219.1
Project("{FAE04EC0-301F-11D3-BF4B-00C04F79EFBC}") = "english-time", "english-time\english-time.csproj", "{C027081E-0E21-4F64-B5C5-EEF010370A5C}"
EndProject
Global
	GlobalSection(SolutionConfigurationPlatforms) = preSolution
		Debug|Any CPU = Debug|Any CPU
		Release|Any CPU = Release|Any CPU
	EndGlobalSection
	GlobalSection(ProjectConfigurationPlatforms) = postSolution
		{C027081E-0E21-4F64-B5C5-EEF010370A5C}.Debug|Any CPU.ActiveCfg = Debug|Any CPU
		{C027081E-0E21-4F64-B5C5-EEF010370A5C}.Debug|Any CPU.Build.0 = Debug|Any CPU
		{C027081E-0E21-4F64-B5C5-EEF010370A5C}.Release|Any CPU.ActiveCfg = Release|Any CPU
		{C027081E-0E21-4F64-B5C5-EEF010370A5C}.Release|Any CPU.Build.0 = Release|Any CPU
	EndGlobalSection
	GlobalSection(SolutionProperties) = preSolution
		HideSolutionNode = FALSE
	EndGlobalSection
	GlobalSection(ExtensibilityGlobals) = postSolution
		SolutionGuid = {C69B166E-051A-4A2D-A4E9-0AA49269B42F}
	EndGlobalSection
EndGlobal
